// !$*UTF8*$!
{
	archiveVersion = 1;
	classes = {
	};
	objectVersion = 56;
	objects = {

/* Begin PBXBuildFile section */
		34EC06FD29B5A3A30084FF82 /* AppDelegate.swift in Sources */ = {isa = PBXBuildFile; fileRef = 34EC06FC29B5A3A30084FF82 /* AppDelegate.swift */; };
		34EC06FF29B5A3A30084FF82 /* SceneDelegate.swift in Sources */ = {isa = PBXBuildFile; fileRef = 34EC06FE29B5A3A30084FF82 /* SceneDelegate.swift */; };
		34EC070129B5A3A30084FF82 /* ViewController.swift in Sources */ = {isa = PBXBuildFile; fileRef = 34EC070029B5A3A30084FF82 /* ViewController.swift */; };
		34EC070429B5A3A30084FF82 /* Main.storyboard in Resources */ = {isa = PBXBuildFile; fileRef = 34EC070229B5A3A30084FF82 /* Main.storyboard */; };
		34EC070629B5A3A50084FF82 /* Assets.xcassets in Resources */ = {isa = PBXBuildFile; fileRef = 34EC070529B5A3A50084FF82 /* Assets.xcassets */; };
		34EC070929B5A3A50084FF82 /* LaunchScreen.storyboard in Resources */ = {isa = PBXBuildFile; fileRef = 34EC070729B5A3A50084FF82 /* LaunchScreen.storyboard */; };
		34EC071429B5AE580084FF82 /* questions.swift in Sources */ = {isa = PBXBuildFile; fileRef = 34EC071329B5AE580084FF82 /* questions.swift */; };
		34EC071629B5AE8A0084FF82 /* questionMind.swift in Sources */ = {isa = PBXBuildFile; fileRef = 34EC071529B5AE8A0084FF82 /* questionMind.swift */; };
/* End PBXBuildFile section */

/* Begin PBXFileReference section */
		34EC06F929B5A3A30084FF82 /* QandA.app */ = {isa = PBXFileReference; explicitFileType = wrapper.application; includeInIndex = 0; path = QandA.app; sourceTree = BUILT_PRODUCTS_DIR; };
		34EC06FC29B5A3A30084FF82 /* AppDelegate.swift */ = {isa = PBXFileReference; lastKnownFileType = sourcecode.swift; path = AppDelegate.swift; sourceTree = "<group>"; };
		34EC06FE29B5A3A30084FF82 /* SceneDelegate.swift */ = {isa = PBXFileReference; lastKnownFileType = sourcecode.swift; path = SceneDelegate.swift; sourceTree = "<group>"; };
		34EC070029B5A3A30084FF82 /* ViewController.swift */ = {isa = PBXFileReference; lastKnownFileType = sourcecode.swift; path = ViewController.swift; sourceTree = "<group>"; };
		34EC070329B5A3A30084FF82 /* Base */ = {isa = PBXFileReference; lastKnownFileType = file.storyboard; name = Base; path = Base.lproj/Main.storyboard; sourceTree = "<group>"; };
		34EC070529B5A3A50084FF82 /* Assets.xcassets */ = {isa = PBXFileReference; lastKnownFileType = folder.assetcatalog; path = Assets.xcassets; sourceTree = "<group>"; };
		34EC070829B5A3A50084FF82 /* Base */ = {isa = PBXFileReference; lastKnownFileType = file.storyboard; name = Base; path = Base.lproj/LaunchScreen.storyboard; sourceTree = "<group>"; };
		34EC070A29B5A3A50084FF82 /* Info.plist */ = {isa = PBXFileReference; lastKnownFileType = text.plist.xml; path = Info.plist; sourceTree = "<group>"; };
		34EC071329B5AE580084FF82 /* questions.swift */ = {isa = PBXFileReference; lastKnownFileType = sourcecode.swift; path = questions.swift; sourceTree = "<group>"; };
		34EC071529B5AE8A0084FF82 /* questionMind.swift */ = {isa = PBXFileReference; lastKnownFileType = sourcecode.swift; path = questionMind.swift; sourceTree = "<group>"; };
/* End PBXFileReference section */

/* Begin PBXFrameworksBuildPhase section */
		34EC06F629B5A3A30084FF82 /* Frameworks */ = {
			isa = PBXFrameworksBuildPhase;
			buildActionMask = 2147483647;
			files = (
			);
			runOnlyForDeploymentPostprocessing = 0;
		};
/* End PBXFrameworksBuildPhase section */

/* Begin PBXGroup section */
		34EC06F029B5A3A30084FF82 = {
			isa = PBXGroup;
			children = (
				34EC06FB29B5A3A30084FF82 /* QandA */,
				34EC06FA29B5A3A30084FF82 /* Products */,
			);
			sourceTree = "<group>";
		};
		34EC06FA29B5A3A30084FF82 /* Products */ = {
			isa = PBXGroup;
			children = (
				34EC06F929B5A3A30084FF82 /* QandA.app */,
			);
			name = Products;
			sourceTree = "<group>";
		};
		34EC06FB29B5A3A30084FF82 /* QandA */ = {
			isa = PBXGroup;
			children = (
				34EC06FC29B5A3A30084FF82 /* AppDelegate.swift */,
				34EC06FE29B5A3A30084FF82 /* SceneDelegate.swift */,
				34EC071829B5AF810084FF82 /* Controller */,
				34EC071029B5AE280084FF82 /* Model */,
				34EC071729B5AF630084FF82 /* View */,
				34EC070A29B5A3A50084FF82 /* Info.plist */,
			);
			path = QandA;
			sourceTree = "<group>";
		};
		34EC071029B5AE280084FF82 /* Model */ = {
			isa = PBXGroup;
			children = (
				34EC071329B5AE580084FF82 /* questions.swift */,
				34EC071529B5AE8A0084FF82 /* questionMind.swift */,
			);
			path = Model;
			sourceTree = "<group>";
		};
		34EC071729B5AF630084FF82 /* View */ = {
			isa = PBXGroup;
			children = (
				34EC070229B5A3A30084FF82 /* Main.storyboard */,
				34EC070529B5A3A50084FF82 /* Assets.xcassets */,
				34EC070729B5A3A50084FF82 /* LaunchScreen.storyboard */,
			);
			path = View;
			sourceTree = "<group>";
		};
		34EC071829B5AF810084FF82 /* Controller */ = {
			isa = PBXGroup;
			children = (
				34EC070029B5A3A30084FF82 /* ViewController.swift */,
			);
			path = Controller;
			sourceTree = "<group>";
		};
/* End PBXGroup section */

/* Begin PBXNativeTarget section */
		34EC06F829B5A3A30084FF82 /* QandA */ = {
			isa = PBXNativeTarget;
			buildConfigurationList = 34EC070D29B5A3A50084FF82 /* Build configuration list for PBXNativeTarget "QandA" */;
			buildPhases = (
				34EC06F529B5A3A30084FF82 /* Sources */,
				34EC06F629B5A3A30084FF82 /* Frameworks */,
				34EC06F729B5A3A30084FF82 /* Resources */,
			);
			buildRules = (
			);
			dependencies = (
			);
			name = QandA;
			productName = QandA;
			productReference = 34EC06F929B5A3A30084FF82 /* QandA.app */;
			productType = "com.apple.product-type.application";
		};
/* End PBXNativeTarget section */

/* Begin PBXProject section */
		34EC06F129B5A3A30084FF82 /* Project object */ = {
			isa = PBXProject;
			attributes = {
				BuildIndependentTargetsInParallel = 1;
				LastSwiftUpdateCheck = 1420;
				LastUpgradeCheck = 1420;
				TargetAttributes = {
					34EC06F829B5A3A30084FF82 = {
						CreatedOnToolsVersion = 14.2;
					};
				};
			};
			buildConfigurationList = 34EC06F429B5A3A30084FF82 /* Build configuration list for PBXProject "QandA" */;
			compatibilityVersion = "Xcode 14.0";
			developmentRegion = en;
			hasScannedForEncodings = 0;
			knownRegions = (
				en,
				Base,
			);
			mainGroup = 34EC06F029B5A3A30084FF82;
			productRefGroup = 34EC06FA29B5A3A30084FF82 /* Products */;
			projectDirPath = "";
			projectRoot = "";
			targets = (
				34EC06F829B5A3A30084FF82 /* QandA */,
			);
		};
/* End PBXProject section */

/* Begin PBXResourcesBuildPhase section */
		34EC06F729B5A3A30084FF82 /* Resources */ = {
			isa = PBXResourcesBuildPhase;
			buildActionMask = 2147483647;
			files = (
				34EC070929B5A3A50084FF82 /* LaunchScreen.storyboard in Resources */,
				34EC070629B5A3A50084FF82 /* Assets.xcassets in Resources */,
				34EC070429B5A3A30084FF82 /* Main.storyboard in Resources */,
			);
			runOnlyForDeploymentPostprocessing = 0;
		};
/* End PBXResourcesBuildPhase section */

/* Begin PBXSourcesBuildPhase section */
		34EC06F529B5A3A30084FF82 /* Sources */ = {
			isa = PBXSourcesBuildPhase;
			buildActionMask = 2147483647;
			files = (
				34EC070129B5A3A30084FF82 /* ViewController.swift in Sources */,
				34EC071429B5AE580084FF82 /* questions.swift in Sources */,
				34EC06FD29B5A3A30084FF82 /* AppDelegate.swift in Sources */,
				34EC071629B5AE8A0084FF82 /* questionMind.swift in Sources */,
				34EC06FF29B5A3A30084FF82 /* SceneDelegate.swift in Sources */,
			);
			runOnlyForDeploymentPostprocessing = 0;
		};
/* End PBXSourcesBuildPhase section */

/* Begin PBXVariantGroup section */
		34EC070229B5A3A30084FF82 /* Main.storyboard */ = {
			isa = PBXVariantGroup;
			children = (
				34EC070329B5A3A30084FF82 /* Base */,
			);
			name = Main.storyboard;
			sourceTree = "<group>";
		};
		34EC070729B5A3A50084FF82 /* LaunchScreen.storyboard */ = {
			isa = PBXVariantGroup;
			children = (
				34EC070829B5A3A50084FF82 /* Base */,
			);
			name = LaunchScreen.storyboard;
			sourceTree = "<group>";
		};
/* End PBXVariantGroup section */

/* Begin XCBuildConfiguration section */
		34EC070B29B5A3A50084FF82 /* Debug */ = {
			isa = XCBuildConfiguration;
			buildSettings = {
				ALWAYS_SEARCH_USER_PATHS = NO;
				CLANG_ANALYZER_NONNULL = YES;
				CLANG_ANALYZER_NUMBER_OBJECT_CONVERSION = YES_AGGRESSIVE;
				CLANG_CXX_LANGUAGE_STANDARD = "gnu++20";
				CLANG_ENABLE_MODULES = YES;
				CLANG_ENABLE_OBJC_ARC = YES;
				CLANG_ENABLE_OBJC_WEAK = YES;
				CLANG_WARN_BLOCK_CAPTURE_AUTORELEASING = YES;
				CLANG_WARN_BOOL_CONVERSION = YES;
				CLANG_WARN_COMMA = YES;
				CLANG_WARN_CONSTANT_CONVERSION = YES;
				CLANG_WARN_DEPRECATED_OBJC_IMPLEMENTATIONS = YES;
				CLANG_WARN_DIRECT_OBJC_ISA_USAGE = YES_ERROR;
				CLANG_WARN_DOCUMENTATION_COMMENTS = YES;
				CLANG_WARN_EMPTY_BODY = YES;
				CLANG_WARN_ENUM_CONVERSION = YES;
				CLANG_WARN_INFINITE_RECURSION = YES;
				CLANG_WARN_INT_CONVERSION = YES;
				CLANG_WARN_NON_LITERAL_NULL_CONVERSION = YES;
				CLANG_WARN_OBJC_IMPLICIT_RETAIN_SELF = YES;
				CLANG_WARN_OBJC_LITERAL_CONVERSION = YES;
				CLANG_WARN_OBJC_ROOT_CLASS = YES_ERROR;
				CLANG_WARN_QUOTED_INCLUDE_IN_FRAMEWORK_HEADER = YES;
				CLANG_WARN_RANGE_LOOP_ANALYSIS = YES;
				CLANG_WARN_STRICT_PROTOTYPES = YES;
				CLANG_WARN_SUSPICIOUS_MOVE = YES;
				CLANG_WARN_UNGUARDED_AVAILABILITY = YES_AGGRESSIVE;
				CLANG_WARN_UNREACHABLE_CODE = YES;
				CLANG_WARN__DUPLICATE_METHOD_MATCH = YES;
				COPY_PHASE_STRIP = NO;
				DEBUG_INFORMATION_FORMAT = dwarf;
				ENABLE_STRICT_OBJC_MSGSEND = YES;
				ENABLE_TESTABILITY = YES;
				GCC_C_LANGUAGE_STANDARD = gnu11;
				GCC_DYNAMIC_NO_PIC = NO;
				GCC_NO_COMMON_BLOCKS = YES;
				GCC_OPTIMIZATION_LEVEL = 0;
				GCC_PREPROCESSOR_DEFINITIONS = (
					"DEBUG=1",
					"$(inherited)",
				);
				GCC_WARN_64_TO_32_BIT_CONVERSION = YES;
				GCC_WARN_ABOUT_RETURN_TYPE = YES_ERROR;
				GCC_WARN_UNDECLARED_SELECTOR = YES;
				GCC_WARN_UNINITIALIZED_AUTOS = YES_AGGRESSIVE;
				GCC_WARN_UNUSED_FUNCTION = YES;
				GCC_WARN_UNUSED_VARIABLE = YES;
				IPHONEOS_DEPLOYMENT_TARGET = 11.0;
				MTL_ENABLE_DEBUG_INFO = INCLUDE_SOURCE;
				MTL_FAST_MATH = YES;
				ONLY_ACTIVE_ARCH = YES;
				SDKROOT = iphoneos;
				SWIFT_ACTIVE_COMPILATION_CONDITIONS = DEBUG;
				SWIFT_OPTIMIZATION_LEVEL = "-Onone";
			};
			name = Debug;
		};
		34EC070C29B5A3A50084FF82 /* Release */ = {
			isa = XCBuildConfiguration;
			buildSettings = {
				ALWAYS_SEARCH_USER_PATHS = NO;
				CLANG_ANALYZER_NONNULL = YES;
				CLANG_ANALYZER_NUMBER_OBJECT_CONVERSION = YES_AGGRESSIVE;
				CLANG_CXX_LANGUAGE_STANDARD = "gnu++20";
				CLANG_ENABLE_MODULES = YES;
				CLANG_ENABLE_OBJC_ARC = YES;
				CLANG_ENABLE_OBJC_WEAK = YES;
				CLANG_WARN_BLOCK_CAPTURE_AUTORELEASING = YES;
				CLANG_WARN_BOOL_CONVERSION = YES;
				CLANG_WARN_COMMA = YES;
				CLANG_WARN_CONSTANT_CONVERSION = YES;
				CLANG_WARN_DEPRECATED_OBJC_IMPLEMENTATIONS = YES;
				CLANG_WARN_DIRECT_OBJC_ISA_USAGE = YES_ERROR;
				CLANG_WARN_DOCUMENTATION_COMMENTS = YES;
				CLANG_WARN_EMPTY_BODY = YES;
				CLANG_WARN_ENUM_CONVERSION = YES;
				CLANG_WARN_INFINITE_RECURSION = YES;
				CLANG_WARN_INT_CONVERSION = YES;
				CLANG_WARN_NON_LITERAL_NULL_CONVERSION = YES;
				CLANG_WARN_OBJC_IMPLICIT_RETAIN_SELF = YES;
				CLANG_WARN_OBJC_LITERAL_CONVERSION = YES;
				CLANG_WARN_OBJC_ROOT_CLASS = YES_ERROR;
				CLANG_WARN_QUOTED_INCLUDE_IN_FRAMEWORK_HEADER = YES;
				CLANG_WARN_RANGE_LOOP_ANALYSIS = YES;
				CLANG_WARN_STRICT_PROTOTYPES = YES;
				CLANG_WARN_SUSPICIOUS_MOVE = YES;
				CLANG_WARN_UNGUARDED_AVAILABILITY = YES_AGGRESSIVE;
				CLANG_WARN_UNREACHABLE_CODE = YES;
				CLANG_WARN__DUPLICATE_METHOD_MATCH = YES;
				COPY_PHASE_STRIP = NO;
				DEBUG_INFORMATION_FORMAT = "dwarf-with-dsym";
				ENABLE_NS_ASSERTIONS = NO;
				ENABLE_STRICT_OBJC_MSGSEND = YES;
				GCC_C_LANGUAGE_STANDARD = gnu11;
				GCC_NO_COMMON_BLOCKS = YES;
				GCC_WARN_64_TO_32_BIT_CONVERSION = YES;
				GCC_WARN_ABOUT_RETURN_TYPE = YES_ERROR;
				GCC_WARN_UNDECLARED_SELECTOR = YES;
				GCC_WARN_UNINITIALIZED_AUTOS = YES_AGGRESSIVE;
				GCC_WARN_UNUSED_FUNCTION = YES;
				GCC_WARN_UNUSED_VARIABLE = YES;
				IPHONEOS_DEPLOYMENT_TARGET = 11.0;
				MTL_ENABLE_DEBUG_INFO = NO;
				MTL_FAST_MATH = YES;
				SDKROOT = iphoneos;
				SWIFT_COMPILATION_MODE = wholemodule;
				SWIFT_OPTIMIZATION_LEVEL = "-O";
				VALIDATE_PRODUCT = YES;
			};
			name = Release;
		};
		34EC070E29B5A3A50084FF82 /* Debug */ = {
			isa = XCBuildConfiguration;
			buildSettings = {
				ASSETCATALOG_COMPILER_APPICON_NAME = AppIcon;
				ASSETCATALOG_COMPILER_GLOBAL_ACCENT_COLOR_NAME = AccentColor;
				ASSETCATALOG_COMPILER_INCLUDE_ALL_APPICON_ASSETS = YES;
				CODE_SIGN_STYLE = Automatic;
				CURRENT_PROJECT_VERSION = 1;
				DEVELOPMENT_TEAM = G24P38JHZN;
				GENERATE_INFOPLIST_FILE = YES;
				INFOPLIST_FILE = QandA/Info.plist;
				INFOPLIST_KEY_CFBundleDisplayName = QandA;
				INFOPLIST_KEY_LSApplicationCategoryType = "public.app-category.education";
				INFOPLIST_KEY_UIApplicationSupportsIndirectInputEvents = YES;
				INFOPLIST_KEY_UILaunchStoryboardName = LaunchScreen;
				INFOPLIST_KEY_UIMainStoryboardFile = Main;
				INFOPLIST_KEY_UISupportedInterfaceOrientations = UIInterfaceOrientationPortrait;
				IPHONEOS_DEPLOYMENT_TARGET = 11.0;
				LD_RUNPATH_SEARCH_PATHS = (
					"$(inherited)",
					"@executable_path/Frameworks",
				);
				MARKETING_VERSION = 1.0;
				PRODUCT_BUNDLE_IDENTIFIER = com.anurag.QandA;
				PRODUCT_NAME = "$(TARGET_NAME)";
				SUPPORTED_PLATFORMS = "iphoneos iphonesimulator";
				SUPPORTS_MACCATALYST = NO;
				SUPPORTS_MAC_DESIGNED_FOR_IPHONE_IPAD = NO;
				SWIFT_EMIT_LOC_STRINGS = YES;
				SWIFT_VERSION = 5.0;
				TARGETED_DEVICE_FAMILY = "1,2";
			};
			name = Debug;
		};
		34EC070F29B5A3A50084FF82 /* Release */ = {
			isa = XCBuildConfiguration;
			buildSettings = {
				ASSETCATALOG_COMPILER_APPICON_NAME = AppIcon;
				ASSETCATALOG_COMPILER_GLOBAL_ACCENT_COLOR_NAME = AccentColor;
				ASSETCATALOG_COMPILER_INCLUDE_ALL_APPICON_ASSETS = YES;
				CODE_SIGN_STYLE = Automatic;
				CURRENT_PROJECT_VERSION = 1;
				DEVELOPMENT_TEAM = G24P38JHZN;
				GENERATE_INFOPLIST_FILE = YES;
				INFOPLIST_FILE = QandA/Info.plist;
				INFOPLIST_KEY_CFBundleDisplayName = QandA;
				INFOPLIST_KEY_LSApplicationCategoryType = "public.app-category.education";
				INFOPLIST_KEY_UIApplicationSupportsIndirectInputEvents = YES;
				INFOPLIST_KEY_UILaunchStoryboardName = LaunchScreen;
				INFOPLIST_KEY_UIMainStoryboardFile = Main;
				INFOPLIST_KEY_UISupportedInterfaceOrientations = UIInterfaceOrientationPortrait;
				IPHONEOS_DEPLOYMENT_TARGET = 11.0;
				LD_RUNPATH_SEARCH_PATHS = (
					"$(inherited)",
					"@executable_path/Frameworks",
				);
				MARKETING_VERSION = 1.0;
				PRODUCT_BUNDLE_IDENTIFIER = com.anurag.QandA;
				PRODUCT_NAME = "$(TARGET_NAME)";
				SUPPORTED_PLATFORMS = "iphoneos iphonesimulator";
				SUPPORTS_MACCATALYST = NO;
				SUPPORTS_MAC_DESIGNED_FOR_IPHONE_IPAD = NO;
				SWIFT_EMIT_LOC_STRINGS = YES;
				SWIFT_VERSION = 5.0;
				TARGETED_DEVICE_FAMILY = "1,2";
			};
			name = Release;
		};
/* End XCBuildConfiguration section */

/* Begin XCConfigurationList section */
		34EC06F429B5A3A30084FF82 /* Build configuration list for PBXProject "QandA" */ = {
			isa = XCConfigurationList;
			buildConfigurations = (
				34EC070B29B5A3A50084FF82 /* Debug */,
				34EC070C29B5A3A50084FF82 /* Release */,
			);
			defaultConfigurationIsVisible = 0;
			defaultConfigurationName = Release;
		};
		34EC070D29B5A3A50084FF82 /* Build configuration list for PBXNativeTarget "QandA" */ = {
			isa = XCConfigurationList;
			buildConfigurations = (
				34EC070E29B5A3A50084FF82 /* Debug */,
				34EC070F29B5A3A50084FF82 /* Release */,
			);
			defaultConfigurationIsVisible = 0;
			defaultConfigurationName = Release;
		};
/* End XCConfigurationList section */
	};
	rootObject = 34EC06F129B5A3A30084FF82 /* Project object */;
}
